
Microsoft Visual Studio Solution File, Format Version 12.00
# Visual Studio Version 17
VisualStudioVersion = 17.14.37216.2 d17.14
MinimumVisualStudioVersion = 10.0.40219.1
Project("{888888A0-9F3D-457C-B088-3A5042F75D52}") = "VY-OSINTFramework", "VY-OSINTFramework\VY-OSINTFramework.pyproj", "{7D7CEF2F-5F70-4342-9CA2-53D370E72759}"
EndProject
Global
	GlobalSection(SolutionConfigurationPlatforms) = preSolution
		Debug|Any CPU = Debug|Any CPU
		Release|Any CPU = Release|Any CPU
	EndGlobalSection
	GlobalSection(ProjectConfigurationPlatforms) = postSolution
		{7D7CEF2F-5F70-4342-9CA2-53D370E72759}.Debug|Any CPU.ActiveCfg = Debug|Any CPU
		{7D7CEF2F-5F70-4342-9CA2-53D370E72759}.Release|Any CPU.ActiveCfg = Release|Any CPU
	EndGlobalSection
	GlobalSection(SolutionProperties) = preSolution
		HideSolutionNode = FALSE
	EndGlobalSection
	GlobalSection(ExtensibilityGlobals) = postSolution
		SolutionGuid = {C94888C8-3E13-406E-94EE-67B12C19FD0B}
	EndGlobalSection
EndGlobal
